
Microsoft Visual Studio Solution File, Format Version 12.00
# Visual Studio 15
VisualStudioVersion = 15.0.26124.0
MinimumVisualStudioVersion = 15.0.26124.0
Project("{2150E333-8FDC-42A3-9474-1A3956D46DE8}") = "Remeter", "Remeter", "{23784C38-DEB6-4B1A-A93A-178B592A131F}"
EndProject
Project("{2150E333-8FDC-42A3-9474-1A3956D46DE8}") = "Portal", "Portal", "{5B5F035C-F5C8-439F-B71C-8FC3A89B9C86}"
EndProject
Project("{FAE04EC0-301F-11D3-BF4B-00C04F79EFBC}") = "Remeter.Portal.Client", "Remeter\Portal\Client\Remeter.Portal.Client.csproj", "{CD60C9E4-E8A9-43C5-B429-50EA475F4527}"
EndProject
Project("{FAE04EC0-301F-11D3-BF4B-00C04F79EFBC}") = "Remeter.Portal.Server", "Remeter\Portal\Server\Remeter.Portal.Server.csproj", "{527ED584-26C1-4613-8A50-CA9C62C25BEC}"
EndProject
Project("{FAE04EC0-301F-11D3-BF4B-00C04F79EFBC}") = "Remeter.Portal.Shared", "Remeter\Portal\Shared\Remeter.Portal.Shared.csproj", "{7E8347E9-76A0-44E0-B7B8-634B6BAC9E96}"
EndProject
Global
	GlobalSection(SolutionConfigurationPlatforms) = preSolution
		Debug|Any CPU = Debug|Any CPU
		Debug|x64 = Debug|x64
		Debug|x86 = Debug|x86
		Release|Any CPU = Release|Any CPU
		Release|x64 = Release|x64
		Release|x86 = Release|x86
	EndGlobalSection
	GlobalSection(SolutionProperties) = preSolution
		HideSolutionNode = FALSE
	EndGlobalSection
	GlobalSection(ProjectConfigurationPlatforms) = postSolution
		{CD60C9E4-E8A9-43C5-B429-50EA475F4527}.Debug|Any CPU.ActiveCfg = Debug|Any CPU
		{CD60C9E4-E8A9-43C5-B429-50EA475F4527}.Debug|Any CPU.Build.0 = Debug|Any CPU
		{CD60C9E4-E8A9-43C5-B429-50EA475F4527}.Debug|x64.ActiveCfg = Debug|Any CPU
		{CD60C9E4-E8A9-43C5-B429-50EA475F4527}.Debug|x64.Build.0 = Debug|Any CPU
		{CD60C9E4-E8A9-43C5-B429-50EA475F4527}.Debug|x86.ActiveCfg = Debug|Any CPU
		{CD60C9E4-E8A9-43C5-B429-50EA475F4527}.Debug|x86.Build.0 = Debug|Any CPU
		{CD60C9E4-E8A9-43C5-B429-50EA475F4527}.Release|Any CPU.ActiveCfg = Release|Any CPU
		{CD60C9E4-E8A9-43C5-B429-50EA475F4527}.Release|Any CPU.Build.0 = Release|Any CPU
		{CD60C9E4-E8A9-43C5-B429-50EA475F4527}.Release|x64.ActiveCfg = Release|Any CPU
		{CD60C9E4-E8A9-43C5-B429-50EA475F4527}.Release|x64.Build.0 = Release|Any CPU
		{CD60C9E4-E8A9-43C5-B429-50EA475F4527}.Release|x86.ActiveCfg = Release|Any CPU
		{CD60C9E4-E8A9-43C5-B429-50EA475F4527}.Release|x86.Build.0 = Release|Any CPU
		{7E8347E9-76A0-44E0-B7B8-634B6BAC9E96}.Debug|Any CPU.ActiveCfg = Debug|Any CPU
		{7E8347E9-76A0-44E0-B7B8-634B6BAC9E96}.Debug|Any CPU.Build.0 = Debug|Any CPU
		{7E8347E9-76A0-44E0-B7B8-634B6BAC9E96}.Debug|x64.ActiveCfg = Debug|Any CPU
		{7E8347E9-76A0-44E0-B7B8-634B6BAC9E96}.Debug|x64.Build.0 = Debug|Any CPU
		{7E8347E9-76A0-44E0-B7B8-634B6BAC9E96}.Debug|x86.ActiveCfg = Debug|Any CPU
		{7E8347E9-76A0-44E0-B7B8-634B6BAC9E96}.Debug|x86.Build.0 = Debug|Any CPU
		{7E8347E9-76A0-44E0-B7B8-634B6BAC9E96}.Release|Any CPU.ActiveCfg = Release|Any CPU
		{7E8347E9-76A0-44E0-B7B8-634B6BAC9E96}.Release|Any CPU.Build.0 = Release|Any CPU
		{7E8347E9-76A0-44E0-B7B8-634B6BAC9E96}.Release|x64.ActiveCfg = Release|Any CPU
		{7E8347E9-76A0-44E0-B7B8-634B6BAC9E96}.Release|x64.Build.0 = Release|Any CPU
		{7E8347E9-76A0-44E0-B7B8-634B6BAC9E96}.Release|x86.ActiveCfg = Release|Any CPU
		{7E8347E9-76A0-44E0-B7B8-634B6BAC9E96}.Release|x86.Build.0 = Release|Any CPU
		{527ED584-26C1-4613-8A50-CA9C62C25BEC}.Debug|Any CPU.ActiveCfg = Debug|Any CPU
		{527ED584-26C1-4613-8A50-CA9C62C25BEC}.Debug|Any CPU.Build.0 = Debug|Any CPU
		{527ED584-26C1-4613-8A50-CA9C62C25BEC}.Debug|x64.ActiveCfg = Debug|Any CPU
		{527ED584-26C1-4613-8A50-CA9C62C25BEC}.Debug|x64.Build.0 = Debug|Any CPU
		{527ED584-26C1-4613-8A50-CA9C62C25BEC}.Debug|x86.ActiveCfg = Debug|Any CPU
		{527ED584-26C1-4613-8A50-CA9C62C25BEC}.Debug|x86.Build.0 = Debug|Any CPU
		{527ED584-26C1-4613-8A50-CA9C62C25BEC}.Release|Any CPU.ActiveCfg = Release|Any CPU
		{527ED584-26C1-4613-8A50-CA9C62C25BEC}.Release|Any CPU.Build.0 = Release|Any CPU
		{527ED584-26C1-4613-8A50-CA9C62C25BEC}.Release|x64.ActiveCfg = Release|Any CPU
		{527ED584-26C1-4613-8A50-CA9C62C25BEC}.Release|x64.Build.0 = Release|Any CPU
		{527ED584-26C1-4613-8A50-CA9C62C25BEC}.Release|x86.ActiveCfg = Release|Any CPU
		{527ED584-26C1-4613-8A50-CA9C62C25BEC}.Release|x86.Build.0 = Release|Any CPU
	EndGlobalSection
	GlobalSection(NestedProjects) = preSolution
		{5B5F035C-F5C8-439F-B71C-8FC3A89B9C86} = {23784C38-DEB6-4B1A-A93A-178B592A131F}
		{7E8347E9-76A0-44E0-B7B8-634B6BAC9E96} = {5B5F035C-F5C8-439F-B71C-8FC3A89B9C86}
		{527ED584-26C1-4613-8A50-CA9C62C25BEC} = {5B5F035C-F5C8-439F-B71C-8FC3A89B9C86}
		{CD60C9E4-E8A9-43C5-B429-50EA475F4527} = {5B5F035C-F5C8-439F-B71C-8FC3A89B9C86}
	EndGlobalSection
EndGlobal
